// !$*UTF8*$!
{
	archiveVersion = 1;
	classes = {
	};
	objectVersion = 46;
	objects = {

/* Begin PBXBuildFile section */
		DF89CF101981B42A008FCAD0 /* AppDelegate.swift in Sources */ = {isa = PBXBuildFile; fileRef = DF89CF0F1981B42A008FCAD0 /* AppDelegate.swift */; };
		DF89CF121981B42A008FCAD0 /* ViewController.swift in Sources */ = {isa = PBXBuildFile; fileRef = DF89CF111981B42A008FCAD0 /* ViewController.swift */; };
		DF89CF151981B42A008FCAD0 /* Main.storyboard in Resources */ = {isa = PBXBuildFile; fileRef = DF89CF131981B42A008FCAD0 /* Main.storyboard */; };
		DF89CF171981B42A008FCAD0 /* Images.xcassets in Resources */ = {isa = PBXBuildFile; fileRef = DF89CF161981B42A008FCAD0 /* Images.xcassets */; };
		DF89CF231981B42B008FCAD0 /* asst2Tests.swift in Sources */ = {isa = PBXBuildFile; fileRef = DF89CF221981B42B008FCAD0 /* asst2Tests.swift */; };
/* End PBXBuildFile section */

/* Begin PBXContainerItemProxy section */
		DF89CF1D1981B42B008FCAD0 /* PBXContainerItemProxy */ = {
			isa = PBXContainerItemProxy;
			containerPortal = DF89CF021981B42A008FCAD0 /* Project object */;
			proxyType = 1;
			remoteGlobalIDString = DF89CF091981B42A008FCAD0;
			remoteInfo = asst2;
		};
/* End PBXContainerItemProxy section */

/* Begin PBXFileReference section */
		DF89CF0A1981B42A008FCAD0 /* asst2.app */ = {isa = PBXFileReference; explicitFileType = wrapper.application; includeInIndex = 0; path = asst2.app; sourceTree = BUILT_PRODUCTS_DIR; };
		DF89CF0E1981B42A008FCAD0 /* Info.plist */ = {isa = PBXFileReference; lastKnownFileType = text.plist.xml; path = Info.plist; sourceTree = "<group>"; };
		DF89CF0F1981B42A008FCAD0 /* AppDelegate.swift */ = {isa = PBXFileReference; lastKnownFileType = sourcecode.swift; path = AppDelegate.swift; sourceTree = "<group>"; };
		DF89CF111981B42A008FCAD0 /* ViewController.swift */ = {isa = PBXFileReference; lastKnownFileType = sourcecode.swift; path = ViewController.swift; sourceTree = "<group>"; };
		DF89CF141981B42A008FCAD0 /* Base */ = {isa = PBXFileReference; lastKnownFileType = file.storyboard; name = Base; path = Base.lproj/Main.storyboard; sourceTree = "<group>"; };
		DF89CF161981B42A008FCAD0 /* Images.xcassets */ = {isa = PBXFileReference; lastKnownFileType = folder.assetcatalog; path = Images.xcassets; sourceTree = "<group>"; };
		DF89CF1C1981B42B008FCAD0 /* asst2Tests.xctest */ = {isa = PBXFileReference; explicitFileType = wrapper.cfbundle; includeInIndex = 0; path = asst2Tests.xctest; sourceTree = BUILT_PRODUCTS_DIR; };
		DF89CF211981B42B008FCAD0 /* Info.plist */ = {isa = PBXFileReference; lastKnownFileType = text.plist.xml; path = Info.plist; sourceTree = "<group>"; };
		DF89CF221981B42B008FCAD0 /* asst2Tests.swift */ = {isa = PBXFileReference; lastKnownFileType = sourcecode.swift; path = asst2Tests.swift; sourceTree = "<group>"; };
/* End PBXFileReference section */

/* Begin PBXFrameworksBuildPhase section */
		DF89CF071981B42A008FCAD0 /* Frameworks */ = {
			isa = PBXFrameworksBuildPhase;
			buildActionMask = 2147483647;
			files = (
			);
			runOnlyForDeploymentPostprocessing = 0;
		};
		DF89CF191981B42B008FCAD0 /* Frameworks */ = {
			isa = PBXFrameworksBuildPhase;
			buildActionMask = 2147483647;
			files = (
			);
			runOnlyForDeploymentPostprocessing = 0;
		};
/* End PBXFrameworksBuildPhase section */

/* Begin PBXGroup section */
		DF89CF011981B42A008FCAD0 = {
			isa = PBXGroup;
			children = (
				DF89CF0C1981B42A008FCAD0 /* asst2 */,
				DF89CF1F1981B42B008FCAD0 /* asst2Tests */,
				DF89CF0B1981B42A008FCAD0 /* Products */,
			);
			sourceTree = "<group>";
		};
		DF89CF0B1981B42A008FCAD0 /* Products */ = {
			isa = PBXGroup;
			children = (
				DF89CF0A1981B42A008FCAD0 /* asst2.app */,
				DF89CF1C1981B42B008FCAD0 /* asst2Tests.xctest */,
			);
			name = Products;
			sourceTree = "<group>";
		};
		DF89CF0C1981B42A008FCAD0 /* asst2 */ = {
			isa = PBXGroup;
			children = (
				DF89CF0F1981B42A008FCAD0 /* AppDelegate.swift */,
				DF89CF111981B42A008FCAD0 /* ViewController.swift */,
				DF89CF131981B42A008FCAD0 /* Main.storyboard */,
				DF89CF161981B42A008FCAD0 /* Images.xcassets */,
				DF89CF0D1981B42A008FCAD0 /* Supporting Files */,
			);
			path = asst2;
			sourceTree = "<group>";
		};
		DF89CF0D1981B42A008FCAD0 /* Supporting Files */ = {
			isa = PBXGroup;
			children = (
				DF89CF0E1981B42A008FCAD0 /* Info.plist */,
			);
			name = "Supporting Files";
			sourceTree = "<group>";
		};
		DF89CF1F1981B42B008FCAD0 /* asst2Tests */ = {
			isa = PBXGroup;
			children = (
				DF89CF221981B42B008FCAD0 /* asst2Tests.swift */,
				DF89CF201981B42B008FCAD0 /* Supporting Files */,
			);
			path = asst2Tests;
			sourceTree = "<group>";
		};
		DF89CF201981B42B008FCAD0 /* Supporting Files */ = {
			isa = PBXGroup;
			children = (
				DF89CF211981B42B008FCAD0 /* Info.plist */,
			);
			name = "Supporting Files";
			sourceTree = "<group>";
		};
/* End PBXGroup section */

/* Begin PBXNativeTarget section */
		DF89CF091981B42A008FCAD0 /* asst2 */ = {
			isa = PBXNativeTarget;
			buildConfigurationList = DF89CF261981B42B008FCAD0 /* Build configuration list for PBXNativeTarget "asst2" */;
			buildPhases = (
				DF89CF061981B42A008FCAD0 /* Sources */,
				DF89CF071981B42A008FCAD0 /* Frameworks */,
				DF89CF081981B42A008FCAD0 /* Resources */,
			);
			buildRules = (
			);
			dependencies = (
			);
			name = asst2;
			productName = asst2;
			productReference = DF89CF0A1981B42A008FCAD0 /* asst2.app */;
			productType = "com.apple.product-type.application";
		};
		DF89CF1B1981B42B008FCAD0 /* asst2Tests */ = {
			isa = PBXNativeTarget;
			buildConfigurationList = DF89CF291981B42B008FCAD0 /* Build configuration list for PBXNativeTarget "asst2Tests" */;
			buildPhases = (
				DF89CF181981B42B008FCAD0 /* Sources */,
				DF89CF191981B42B008FCAD0 /* Frameworks */,
				DF89CF1A1981B42B008FCAD0 /* Resources */,
			);
			buildRules = (
			);
			dependencies = (
				DF89CF1E1981B42B008FCAD0 /* PBXTargetDependency */,
			);
			name = asst2Tests;
			productName = asst2Tests;
			productReference = DF89CF1C1981B42B008FCAD0 /* asst2Tests.xctest */;
			productType = "com.apple.product-type.bundle.unit-test";
		};
/* End PBXNativeTarget section */

/* Begin PBXProject section */
		DF89CF021981B42A008FCAD0 /* Project object */ = {
			isa = PBXProject;
			attributes = {
				LastUpgradeCheck = 0600;
				ORGANIZATIONNAME = xcv58;
				TargetAttributes = {
					DF89CF091981B42A008FCAD0 = {
						CreatedOnToolsVersion = 6.0;
					};
					DF89CF1B1981B42B008FCAD0 = {
						CreatedOnToolsVersion = 6.0;
						TestTargetID = DF89CF091981B42A008FCAD0;
					};
				};
			};
			buildConfigurationList = DF89CF051981B42A008FCAD0 /* Build configuration list for PBXProject "asst2" */;
			compatibilityVersion = "Xcode 3.2";
			developmentRegion = English;
			hasScannedForEncodings = 0;
			knownRegions = (
				en,
				Base,
			);
			mainGroup = DF89CF011981B42A008FCAD0;
			productRefGroup = DF89CF0B1981B42A008FCAD0 /* Products */;
			projectDirPath = "";
			projectRoot = "";
			targets = (
				DF89CF091981B42A008FCAD0 /* asst2 */,
				DF89CF1B1981B42B008FCAD0 /* asst2Tests */,
			);
		};
/* End PBXProject section */

/* Begin PBXResourcesBuildPhase section */
		DF89CF081981B42A008FCAD0 /* Resources */ = {
			isa = PBXResourcesBuildPhase;
			buildActionMask = 2147483647;
			files = (
				DF89CF151981B42A008FCAD0 /* Main.storyboard in Resources */,
				DF89CF171981B42A008FCAD0 /* Images.xcassets in Resources */,
			);
			runOnlyForDeploymentPostprocessing = 0;
		};
		DF89CF1A1981B42B008FCAD0 /* Resources */ = {
			isa = PBXResourcesBuildPhase;
			buildActionMask = 2147483647;
			files = (
			);
			runOnlyForDeploymentPostprocessing = 0;
		};
/* End PBXResourcesBuildPhase section */

/* Begin PBXSourcesBuildPhase section */
		DF89CF061981B42A008FCAD0 /* Sources */ = {
			isa = PBXSourcesBuildPhase;
			buildActionMask = 2147483647;
			files = (
				DF89CF121981B42A008FCAD0 /* ViewController.swift in Sources */,
				DF89CF101981B42A008FCAD0 /* AppDelegate.swift in Sources */,
			);
			runOnlyForDeploymentPostprocessing = 0;
		};
		DF89CF181981B42B008FCAD0 /* Sources */ = {
			isa = PBXSourcesBuildPhase;
			buildActionMask = 2147483647;
			files = (
				DF89CF231981B42B008FCAD0 /* asst2Tests.swift in Sources */,
			);
			runOnlyForDeploymentPostprocessing = 0;
		};
/* End PBXSourcesBuildPhase section */

/* Begin PBXTargetDependency section */
		DF89CF1E1981B42B008FCAD0 /* PBXTargetDependency */ = {
			isa = PBXTargetDependency;
			target = DF89CF091981B42A008FCAD0 /* asst2 */;
			targetProxy = DF89CF1D1981B42B008FCAD0 /* PBXContainerItemProxy */;
		};
/* End PBXTargetDependency section */

/* Begin PBXVariantGroup section */
		DF89CF131981B42A008FCAD0 /* Main.storyboard */ = {
			isa = PBXVariantGroup;
			children = (
				DF89CF141981B42A008FCAD0 /* Base */,
			);
			name = Main.storyboard;
			sourceTree = "<group>";
		};
/* End PBXVariantGroup section */

/* Begin XCBuildConfiguration section */
		DF89CF241981B42B008FCAD0 /* Debug */ = {
			isa = XCBuildConfiguration;
			buildSettings = {
				ALWAYS_SEARCH_USER_PATHS = NO;
				CLANG_CXX_LANGUAGE_STANDARD = "gnu++0x";
				CLANG_CXX_LIBRARY = "libc++";
				CLANG_ENABLE_MODULES = YES;
				CLANG_ENABLE_OBJC_ARC = YES;
				CLANG_WARN_BOOL_CONVERSION = YES;
				CLANG_WARN_CONSTANT_CONVERSION = YES;
				CLANG_WARN_DIRECT_OBJC_ISA_USAGE = YES_ERROR;
				CLANG_WARN_EMPTY_BODY = YES;
				CLANG_WARN_ENUM_CONVERSION = YES;
				CLANG_WARN_INT_CONVERSION = YES;
				CLANG_WARN_OBJC_ROOT_CLASS = YES_ERROR;
				CLANG_WARN_UNREACHABLE_CODE = YES;
				CLANG_WARN__DUPLICATE_METHOD_MATCH = YES;
				"CODE_SIGN_IDENTITY[sdk=iphoneos*]" = "iPhone Developer";
				COPY_PHASE_STRIP = NO;
				ENABLE_STRICT_OBJC_MSGSEND = YES;
				GCC_C_LANGUAGE_STANDARD = gnu99;
				GCC_DYNAMIC_NO_PIC = NO;
				GCC_OPTIMIZATION_LEVEL = 0;
				GCC_PREPROCESSOR_DEFINITIONS = (
					"DEBUG=1",
					"$(inherited)",
				);
				GCC_SYMBOLS_PRIVATE_EXTERN = NO;
				GCC_WARN_64_TO_32_BIT_CONVERSION = YES;
				GCC_WARN_ABOUT_RETURN_TYPE = YES_ERROR;
				GCC_WARN_UNDECLARED_SELECTOR = YES;
				GCC_WARN_UNINITIALIZED_AUTOS = YES_AGGRESSIVE;
				GCC_WARN_UNUSED_FUNCTION = YES;
				GCC_WARN_UNUSED_VARIABLE = YES;
				IPHONEOS_DEPLOYMENT_TARGET = 8.0;
				MTL_ENABLE_DEBUG_INFO = YES;
				ONLY_ACTIVE_ARCH = YES;
				SDKROOT = iphoneos;
				SWIFT_OPTIMIZATION_LEVEL = "-Onone";
				TARGETED_DEVICE_FAMILY = "1,2";
			};
			name = Debug;
		};
		DF89CF251981B42B008FCAD0 /* Release */ = {
			isa = XCBuildConfiguration;
			buildSettings = {
				ALWAYS_SEARCH_USER_PATHS = NO;
				CLANG_CXX_LANGUAGE_STANDARD = "gnu++0x";
				CLANG_CXX_LIBRARY = "libc++";
				CLANG_ENABLE_MODULES = YES;
				CLANG_ENABLE_OBJC_ARC = YES;
				CLANG_WARN_BOOL_CONVERSION = YES;
				CLANG_WARN_CONSTANT_CONVERSION = YES;
				CLANG_WARN_DIRECT_OBJC_ISA_USAGE = YES_ERROR;
				CLANG_WARN_EMPTY_BODY = YES;
				CLANG_WARN_ENUM_CONVERSION = YES;
				CLANG_WARN_INT_CONVERSION = YES;
				CLANG_WARN_OBJC_ROOT_CLASS = YES_ERROR;
				CLANG_WARN_UNREACHABLE_CODE = YES;
				CLANG_WARN__DUPLICATE_METHOD_MATCH = YES;
				"CODE_SIGN_IDENTITY[sdk=iphoneos*]" = "iPhone Developer";
				COPY_PHASE_STRIP = YES;
				ENABLE_NS_ASSERTIONS = NO;
				ENABLE_STRICT_OBJC_MSGSEND = YES;
				GCC_C_LANGUAGE_STANDARD = gnu99;
				GCC_WARN_64_TO_32_BIT_CONVERSION = YES;
				GCC_WARN_ABOUT_RETURN_TYPE = YES_ERROR;
				GCC_WARN_UNDECLARED_SELECTOR = YES;
				GCC_WARN_UNINITIALIZED_AUTOS = YES_AGGRESSIVE;
				GCC_WARN_UNUSED_FUNCTION = YES;
				GCC_WARN_UNUSED_VARIABLE = YES;
				IPHONEOS_DEPLOYMENT_TARGET = 8.0;
				MTL_ENABLE_DEBUG_INFO = NO;
				SDKROOT = iphoneos;
				TARGETED_DEVICE_FAMILY = "1,2";
				VALIDATE_PRODUCT = YES;
			};
			name = Release;
		};
		DF89CF271981B42B008FCAD0 /* Debug */ = {
			isa = XCBuildConfiguration;
			buildSettings = {
				ASSETCATALOG_COMPILER_APPICON_NAME = AppIcon;
				ASSETCATALOG_COMPILER_LAUNCHIMAGE_NAME = LaunchImage;
				INFOPLIST_FILE = asst2/Info.plist;
				LD_RUNPATH_SEARCH_PATHS = "$(inherited) @executable_path/Frameworks";
				PRODUCT_NAME = "$(TARGET_NAME)";
			};
			name = Debug;
		};
		DF89CF281981B42B008FCAD0 /* Release */ = {
			isa = XCBuildConfiguration;
			buildSettings = {
				ASSETCATALOG_COMPILER_APPICON_NAME = AppIcon;
				ASSETCATALOG_COMPILER_LAUNCHIMAGE_NAME = LaunchImage;
				INFOPLIST_FILE = asst2/Info.plist;
				LD_RUNPATH_SEARCH_PATHS = "$(inherited) @executable_path/Frameworks";
				PRODUCT_NAME = "$(TARGET_NAME)";
			};
			name = Release;
		};
		DF89CF2A1981B42B008FCAD0 /* Debug */ = {
			isa = XCBuildConfiguration;
			buildSettings = {
				BUNDLE_LOADER = "$(BUILT_PRODUCTS_DIR)/asst2.app/asst2";
				FRAMEWORK_SEARCH_PATHS = (
					"$(SDKROOT)/Developer/Library/Frameworks",
					"$(inherited)",
				);
				GCC_PREPROCESSOR_DEFINITIONS = (
					"DEBUG=1",
					"$(inherited)",
				);
				INFOPLIST_FILE = asst2Tests/Info.plist;
				LD_RUNPATH_SEARCH_PATHS = "$(inherited) @executable_path/Frameworks @loader_path/Frameworks";
				PRODUCT_NAME = "$(TARGET_NAME)";
				TEST_HOST = "$(BUNDLE_LOADER)";
			};
			name = Debug;
		};
		DF89CF2B1981B42B008FCAD0 /* Release */ = {
			isa = XCBuildConfiguration;
			buildSettings = {
				BUNDLE_LOADER = "$(BUILT_PRODUCTS_DIR)/asst2.app/asst2";
				FRAMEWORK_SEARCH_PATHS = (
					"$(SDKROOT)/Developer/Library/Frameworks",
					"$(inherited)",
				);
				INFOPLIST_FILE = asst2Tests/Info.plist;
				LD_RUNPATH_SEARCH_PATHS = "$(inherited) @executable_path/Frameworks @loader_path/Frameworks";
				PRODUCT_NAME = "$(TARGET_NAME)";
				TEST_HOST = "$(BUNDLE_LOADER)";
			};
			name = Release;
		};
/* End XCBuildConfiguration section */

/* Begin XCConfigurationList section */
		DF89CF051981B42A008FCAD0 /* Build configuration list for PBXProject "asst2" */ = {
			isa = XCConfigurationList;
			buildConfigurations = (
				DF89CF241981B42B008FCAD0 /* Debug */,
				DF89CF251981B42B008FCAD0 /* Release */,
			);
			defaultConfigurationIsVisible = 0;
			defaultConfigurationName = Release;
		};
		DF89CF261981B42B008FCAD0 /* Build configuration list for PBXNativeTarget "asst2" */ = {
			isa = XCConfigurationList;
			buildConfigurations = (
				DF89CF271981B42B008FCAD0 /* Debug */,
				DF89CF281981B42B008FCAD0 /* Release */,
			);
			defaultConfigurationIsVisible = 0;
		};
		DF89CF291981B42B008FCAD0 /* Build configuration list for PBXNativeTarget "asst2Tests" */ = {
			isa = XCConfigurationList;
			buildConfigurations = (
				DF89CF2A1981B42B008FCAD0 /* Debug */,
				DF89CF2B1981B42B008FCAD0 /* Release */,
			);
			defaultConfigurationIsVisible = 0;
		};
/* End XCConfigurationList section */
	};
	rootObject = DF89CF021981B42A008FCAD0 /* Project object */;
}
